{
  "name": "live-oil-prices",
  "lockfileVersion": 2,
  "requires": true,
  "packages": {
    "": {
      "name": "live-oil-prices",
      "version": "1.0.0",
      "dependencies": {
        "lightweight-charts": "^4.2.1"
      },
      "devDependencies": {
        "@playwright/test": "^1.58.2",
        "esbuild": "^0.24.2",
        "playwright": "^1.58.2",
        "typescript": "^5.7.3"
      }
    },
    "node_modules/lightweight-charts": {
      "version": "4.2.1",
      "resolved": "https://registry.npmjs.org/lightweight-charts/-/lightweight-charts-4.2.1.tgz",
      "integrity": "sha512-gzQLJ/UhxzI77muvz4a/FfLf5lyv16qKDZuQZtWoxekf0Upua87BvoZFY6LlPPiN7rk0KsbSfaiQaw3Ku4rVnQ=="
    },
    "node_modules/@playwright/test": {
      "version": "1.58.2",
      "resolved": "https://registry.npmjs.org/@playwright/test/-/test-1.58.2.tgz",
      "integrity": "sha512-W0J/KCNo7xo/1RD64R9QYMfXN7aB04UV2ZBAOnVp41E8QIa/YH/CtEzredgvWTbYcIniGe3sXyOzDw6xZ4A73w==",
      "dev": true
    },
    "node_modules/esbuild": {
      "version": "0.24.2",
      "resolved": "https://registry.npmjs.org/esbuild/-/esbuild-0.24.2.tgz",
      "integrity": "sha512-gTJDMJr55Hbuvogw1KiNwHd6Z1rJw5jPvZw0fLW3ljqvPZHrFOQefP/gDHzQHYm3s/99YmKNcIqhHoK2eToe0A=="
    },
    "node_modules/playwright": {
      "version": "1.58.2",
      "resolved": "https://registry.npmjs.org/playwright/-/playwright-1.58.2.tgz",
      "integrity": "sha512-K53I4x2CMKb9ODKHSpo+9frHLRXKqGaxnnGU7jH+01zhaRrh8tR/6Zp43+Lg9rEjeQXi+m4Xz8CuE9iy0g01WQ=="
    },
    "node_modules/typescript": {
      "version": "5.7.3",
      "resolved": "https://registry.npmjs.org/typescript/-/typescript-5.7.3.tgz",
      "integrity": "sha512-b8Gz9hVl1KN2QTtPl7Qhzs/bLMe8qN39U2XlbkdOYZymXmj5QDcdCewWtzPPSYT1FV4KDF456a3vIhGkEv5V0A=="
    }
  },
  "dependencies": {
    "lightweight-charts": {
      "version": "4.2.1",
      "resolved": "https://registry.npmjs.org/lightweight-charts/-/lightweight-charts-4.2.1.tgz",
      "integrity": "sha512-gzQLJ/UhxzI77muvz4a/FfLf5lyv16qKDZuQZtWoxekf0Upua87BvoZFY6LlPPiN7rk0KsbSfaiQaw3Ku4rVnQ=="
    }
  },
  "devDependencies": {
    "@playwright/test": {
      "version": "1.58.2",
      "resolved": "https://registry.npmjs.org/@playwright/test/-/test-1.58.2.tgz",
      "integrity": "sha512-W0J/KCNo7xo/1RD64R9QYMfXN7aB04UV2ZBAOnVp41E8QIa/YH/CtEzredgvWTbYcIniGe3sXyOzDw6xZ4A73w=="
    },
    "esbuild": {
      "version": "0.24.2",
      "resolved": "https://registry.npmjs.org/esbuild/-/esbuild-0.24.2.tgz",
      "integrity": "sha512-gTJDMJr55Hbuvogw1KiNwHd6Z1rJw5jPvZw0fLW3ljqvPZHrFOQefP/gDHzQHYm3s/99YmKNcIqhHoK2eToe0A=="
    },
    "playwright": {
      "version": "1.58.2",
      "resolved": "https://registry.npmjs.org/playwright/-/playwright-1.58.2.tgz",
      "integrity": "sha512-K53I4x2CMKb9ODKHSpo+9frHLRXKqGaxnnGU7jH+01zhaRrh8tR/6Zp43+Lg9rEjeQXi+m4Xz8CuE9iy0g01WQ=="
    },
    "typescript": {
      "version": "5.7.3",
      "resolved": "https://registry.npmjs.org/typescript/-/typescript-5.7.3.tgz",
      "integrity": "sha512-b8Gz9hVl1KN2QTtPl7Qhzs/bLMe8qN39U2XlbkdOYZymXmj5QDcdCewWtzPPSYT1FV4KDF456a3vIhGkEv5V0A=="
    }
  }
}
